// !$*UTF8*$!
{
	archiveVersion = 1;
	classes = {
	};
	objectVersion = 45;
	objects = {

/* Begin PBXBuildFile section */
		170400C512E3A55D00531C9D /* iAd.framework in Frameworks */ = {isa = PBXBuildFile; fileRef = 170400C412E3A55D00531C9D /* iAd.framework */; };
		1704028012E40F7100531C9D /* QuartzCore.framework in Frameworks */ = {isa = PBXBuildFile; fileRef = 1704027F12E40F7100531C9D /* QuartzCore.framework */; };
		174D703012DD80DD00EEF211 /* MapKit.framework in Frameworks */ = {isa = PBXBuildFile; fileRef = 174D702F12DD80DD00EEF211 /* MapKit.framework */; };
		174D709912DD82FE00EEF211 /* MyCLController.m in Sources */ = {isa = PBXBuildFile; fileRef = 174D709812DD82FE00EEF211 /* MyCLController.m */; };
		174D70A112DD83AA00EEF211 /* CoreLocation.framework in Frameworks */ = {isa = PBXBuildFile; fileRef = 174D70A012DD83AA00EEF211 /* CoreLocation.framework */; };
		174D713312DD890E00EEF211 /* MuniLocationGrabber.m in Sources */ = {isa = PBXBuildFile; fileRef = 174D713212DD890E00EEF211 /* MuniLocationGrabber.m */; };
		174D728112DED8EC00EEF211 /* MuniStopsAndSchedules.xcdatamodel in Sources */ = {isa = PBXBuildFile; fileRef = 174D728012DED8EC00EEF211 /* MuniStopsAndSchedules.xcdatamodel */; };
		174D729B12DEE44100EEF211 /* Route.m in Sources */ = {isa = PBXBuildFile; fileRef = 174D729812DEE44100EEF211 /* Route.m */; };
		174D729C12DEE44100EEF211 /* Stop.m in Sources */ = {isa = PBXBuildFile; fileRef = 174D729A12DEE44100EEF211 /* Stop.m */; };
		174D72A012DEE45700EEF211 /* CoreData.framework in Frameworks */ = {isa = PBXBuildFile; fileRef = 174D729F12DEE45700EEF211 /* CoreData.framework */; };
		174D73E912E19EF100EEF211 /* StopAnnotation.m in Sources */ = {isa = PBXBuildFile; fileRef = 174D73E812E19EF100EEF211 /* StopAnnotation.m */; };
		176AA15912E2F9EA00CC595C /* StopDetailViewController.m in Sources */ = {isa = PBXBuildFile; fileRef = 176AA15712E2F9EA00CC595C /* StopDetailViewController.m */; };
		176AA15A12E2F9EA00CC595C /* StopDetailViewController.xib in Resources */ = {isa = PBXBuildFile; fileRef = 176AA15812E2F9EA00CC595C /* StopDetailViewController.xib */; };
		1D3623260D0F684500981E51 /* MuniMapAppDelegate.m in Sources */ = {isa = PBXBuildFile; fileRef = 1D3623250D0F684500981E51 /* MuniMapAppDelegate.m */; };
		1D60589B0D05DD56006BFB54 /* main.m in Sources */ = {isa = PBXBuildFile; fileRef = 29B97316FDCFA39411CA2CEA /* main.m */; };
		1D60589F0D05DD5A006BFB54 /* Foundation.framework in Frameworks */ = {isa = PBXBuildFile; fileRef = 1D30AB110D05D00D00671497 /* Foundation.framework */; };
		1DF5F4E00D08C38300B7A737 /* UIKit.framework in Frameworks */ = {isa = PBXBuildFile; fileRef = 1DF5F4DF0D08C38300B7A737 /* UIKit.framework */; };
		288765A50DF7441C002DB57D /* CoreGraphics.framework in Frameworks */ = {isa = PBXBuildFile; fileRef = 288765A40DF7441C002DB57D /* CoreGraphics.framework */; };
		2899E5220DE3E06400AC0155 /* MuniMapViewController.xib in Resources */ = {isa = PBXBuildFile; fileRef = 2899E5210DE3E06400AC0155 /* MuniMapViewController.xib */; };
		28AD733F0D9D9553002E5188 /* MainWindow.xib in Resources */ = {isa = PBXBuildFile; fileRef = 28AD733E0D9D9553002E5188 /* MainWindow.xib */; };
		28D7ACF80DDB3853001CB0EB /* MuniMapViewController.m in Sources */ = {isa = PBXBuildFile; fileRef = 28D7ACF70DDB3853001CB0EB /* MuniMapViewController.m */; };
/* End PBXBuildFile section */

/* Begin PBXFileReference section */
		170400C412E3A55D00531C9D /* iAd.framework */ = {isa = PBXFileReference; lastKnownFileType = wrapper.framework; name = iAd.framework; path = System/Library/Frameworks/iAd.framework; sourceTree = SDKROOT; };
		1704027F12E40F7100531C9D /* QuartzCore.framework */ = {isa = PBXFileReference; lastKnownFileType = wrapper.framework; name = QuartzCore.framework; path = System/Library/Frameworks/QuartzCore.framework; sourceTree = SDKROOT; };
		174D702F12DD80DD00EEF211 /* MapKit.framework */ = {isa = PBXFileReference; lastKnownFileType = wrapper.framework; name = MapKit.framework; path = System/Library/Frameworks/MapKit.framework; sourceTree = SDKROOT; };
		174D709712DD82FE00EEF211 /* MyCLController.h */ = {isa = PBXFileReference; fileEncoding = 4; lastKnownFileType = sourcecode.c.h; path = MyCLController.h; sourceTree = "<group>"; };
		174D709812DD82FE00EEF211 /* MyCLController.m */ = {isa = PBXFileReference; fileEncoding = 4; lastKnownFileType = sourcecode.c.objc; path = MyCLController.m; sourceTree = "<group>"; };
		174D70A012DD83AA00EEF211 /* CoreLocation.framework */ = {isa = PBXFileReference; lastKnownFileType = wrapper.framework; name = CoreLocation.framework; path = System/Library/Frameworks/CoreLocation.framework; sourceTree = SDKROOT; };
		174D713112DD890E00EEF211 /* MuniLocationGrabber.h */ = {isa = PBXFileReference; fileEncoding = 4; lastKnownFileType = sourcecode.c.h; path = MuniLocationGrabber.h; sourceTree = "<group>"; };
		174D713212DD890E00EEF211 /* MuniLocationGrabber.m */ = {isa = PBXFileReference; fileEncoding = 4; lastKnownFileType = sourcecode.c.objc; path = MuniLocationGrabber.m; sourceTree = "<group>"; };
		174D728012DED8EC00EEF211 /* MuniStopsAndSchedules.xcdatamodel */ = {isa = PBXFileReference; fileEncoding = 4; lastKnownFileType = wrapper.xcdatamodel; name = MuniStopsAndSchedules.xcdatamodel; path = Classes/MuniStopsAndSchedules.xcdatamodel; sourceTree = "<group>"; };
		174D729712DEE44100EEF211 /* Route.h */ = {isa = PBXFileReference; fileEncoding = 4; lastKnownFileType = sourcecode.c.h; path = Route.h; sourceTree = "<group>"; };
		174D729812DEE44100EEF211 /* Route.m */ = {isa = PBXFileReference; fileEncoding = 4; lastKnownFileType = sourcecode.c.objc; path = Route.m; sourceTree = "<group>"; };
		174D729912DEE44100EEF211 /* Stop.h */ = {isa = PBXFileReference; fileEncoding = 4; lastKnownFileType = sourcecode.c.h; path = Stop.h; sourceTree = "<group>"; };
		174D729A12DEE44100EEF211 /* Stop.m */ = {isa = PBXFileReference; fileEncoding = 4; lastKnownFileType = sourcecode.c.objc; path = Stop.m; sourceTree = "<group>"; };
		174D729F12DEE45700EEF211 /* CoreData.framework */ = {isa = PBXFileReference; lastKnownFileType = wrapper.framework; name = CoreData.framework; path = System/Library/Frameworks/CoreData.framework; sourceTree = SDKROOT; };
		174D73E712E19EF100EEF211 /* StopAnnotation.h */ = {isa = PBXFileReference; fileEncoding = 4; lastKnownFileType = sourcecode.c.h; path = StopAnnotation.h; sourceTree = "<group>"; };
		174D73E812E19EF100EEF211 /* StopAnnotation.m */ = {isa = PBXFileReference; fileEncoding = 4; lastKnownFileType = sourcecode.c.objc; path = StopAnnotation.m; sourceTree = "<group>"; };
		176AA15612E2F9EA00CC595C /* StopDetailViewController.h */ = {isa = PBXFileReference; fileEncoding = 4; lastKnownFileType = sourcecode.c.h; path = StopDetailViewController.h; sourceTree = "<group>"; };
		176AA15712E2F9EA00CC595C /* StopDetailViewController.m */ = {isa = PBXFileReference; fileEncoding = 4; lastKnownFileType = sourcecode.c.objc; path = StopDetailViewController.m; sourceTree = "<group>"; };
		176AA15812E2F9EA00CC595C /* StopDetailViewController.xib */ = {isa = PBXFileReference; lastKnownFileType = file.xib; path = StopDetailViewController.xib; sourceTree = "<group>"; };
		1D30AB110D05D00D00671497 /* Foundation.framework */ = {isa = PBXFileReference; lastKnownFileType = wrapper.framework; name = Foundation.framework; path = System/Library/Frameworks/Foundation.framework; sourceTree = SDKROOT; };
		1D3623240D0F684500981E51 /* MuniMapAppDelegate.h */ = {isa = PBXFileReference; fileEncoding = 4; lastKnownFileType = sourcecode.c.h; path = MuniMapAppDelegate.h; sourceTree = "<group>"; };
		1D3623250D0F684500981E51 /* MuniMapAppDelegate.m */ = {isa = PBXFileReference; fileEncoding = 4; lastKnownFileType = sourcecode.c.objc; path = MuniMapAppDelegate.m; sourceTree = "<group>"; };
		1D6058910D05DD3D006BFB54 /* MuniMap.app */ = {isa = PBXFileReference; explicitFileType = wrapper.application; includeInIndex = 0; path = MuniMap.app; sourceTree = BUILT_PRODUCTS_DIR; };
		1DF5F4DF0D08C38300B7A737 /* UIKit.framework */ = {isa = PBXFileReference; lastKnownFileType = wrapper.framework; name = UIKit.framework; path = System/Library/Frameworks/UIKit.framework; sourceTree = SDKROOT; };
		288765A40DF7441C002DB57D /* CoreGraphics.framework */ = {isa = PBXFileReference; lastKnownFileType = wrapper.framework; name = CoreGraphics.framework; path = System/Library/Frameworks/CoreGraphics.framework; sourceTree = SDKROOT; };
		2899E5210DE3E06400AC0155 /* MuniMapViewController.xib */ = {isa = PBXFileReference; lastKnownFileType = file.xib; path = MuniMapViewController.xib; sourceTree = "<group>"; };
		28AD733E0D9D9553002E5188 /* MainWindow.xib */ = {isa = PBXFileReference; lastKnownFileType = file.xib; path = MainWindow.xib; sourceTree = "<group>"; };
		28D7ACF60DDB3853001CB0EB /* MuniMapViewController.h */ = {isa = PBXFileReference; fileEncoding = 4; lastKnownFileType = sourcecode.c.h; path = MuniMapViewController.h; sourceTree = "<group>"; };
		28D7ACF70DDB3853001CB0EB /* MuniMapViewController.m */ = {isa = PBXFileReference; fileEncoding = 4; lastKnownFileType = sourcecode.c.objc; path = MuniMapViewController.m; sourceTree = "<group>"; };
		29B97316FDCFA39411CA2CEA /* main.m */ = {isa = PBXFileReference; fileEncoding = 4; lastKnownFileType = sourcecode.c.objc; path = main.m; sourceTree = "<group>"; };
		32CA4F630368D1EE00C91783 /* MuniMap_Prefix.pch */ = {isa = PBXFileReference; fileEncoding = 4; lastKnownFileType = sourcecode.c.h; path = MuniMap_Prefix.pch; sourceTree = "<group>"; };
		8D1107310486CEB800E47090 /* MuniMap-Info.plist */ = {isa = PBXFileReference; fileEncoding = 4; lastKnownFileType = text.plist.xml; path = "MuniMap-Info.plist"; plistStructureDefinitionIdentifier = "com.apple.xcode.plist.structure-definition.iphone.info-plist"; sourceTree = "<group>"; };
/* End PBXFileReference section */

/* Begin PBXFrameworksBuildPhase section */
		1D60588F0D05DD3D006BFB54 /* Frameworks */ = {
			isa = PBXFrameworksBuildPhase;
			buildActionMask = 2147483647;
			files = (
				1D60589F0D05DD5A006BFB54 /* Foundation.framework in Frameworks */,
				1DF5F4E00D08C38300B7A737 /* UIKit.framework in Frameworks */,
				288765A50DF7441C002DB57D /* CoreGraphics.framework in Frameworks */,
				174D703012DD80DD00EEF211 /* MapKit.framework in Frameworks */,
				174D70A112DD83AA00EEF211 /* CoreLocation.framework in Frameworks */,
				174D72A012DEE45700EEF211 /* CoreData.framework in Frameworks */,
				170400C512E3A55D00531C9D /* iAd.framework in Frameworks */,
				1704028012E40F7100531C9D /* QuartzCore.framework in Frameworks */,
			);
			runOnlyForDeploymentPostprocessing = 0;
		};
/* End PBXFrameworksBuildPhase section */

/* Begin PBXGroup section */
		080E96DDFE201D6D7F000001 /* Classes */ = {
			isa = PBXGroup;
			children = (
				176AA15612E2F9EA00CC595C /* StopDetailViewController.h */,
				176AA15712E2F9EA00CC595C /* StopDetailViewController.m */,
				176AA15812E2F9EA00CC595C /* StopDetailViewController.xib */,
				1D3623240D0F684500981E51 /* MuniMapAppDelegate.h */,
				1D3623250D0F684500981E51 /* MuniMapAppDelegate.m */,
				28D7ACF60DDB3853001CB0EB /* MuniMapViewController.h */,
				28D7ACF70DDB3853001CB0EB /* MuniMapViewController.m */,
				174D73E712E19EF100EEF211 /* StopAnnotation.h */,
				174D73E812E19EF100EEF211 /* StopAnnotation.m */,
				174D713112DD890E00EEF211 /* MuniLocationGrabber.h */,
				174D713212DD890E00EEF211 /* MuniLocationGrabber.m */,
				174D709712DD82FE00EEF211 /* MyCLController.h */,
				174D709812DD82FE00EEF211 /* MyCLController.m */,
			);
			path = Classes;
			sourceTree = "<group>";
		};
		174D728312DED8F400EEF211 /* model */ = {
			isa = PBXGroup;
			children = (
				174D729712DEE44100EEF211 /* Route.h */,
				174D729812DEE44100EEF211 /* Route.m */,
				174D729912DEE44100EEF211 /* Stop.h */,
				174D729A12DEE44100EEF211 /* Stop.m */,
				174D728012DED8EC00EEF211 /* MuniStopsAndSchedules.xcdatamodel */,
			);
			name = model;
			sourceTree = "<group>";
		};
		19C28FACFE9D520D11CA2CBB /* Products */ = {
			isa = PBXGroup;
			children = (
				1D6058910D05DD3D006BFB54 /* MuniMap.app */,
			);
			name = Products;
			sourceTree = "<group>";
		};
		29B97314FDCFA39411CA2CEA /* CustomTemplate */ = {
			isa = PBXGroup;
			children = (
				174D728312DED8F400EEF211 /* model */,
				080E96DDFE201D6D7F000001 /* Classes */,
				29B97315FDCFA39411CA2CEA /* Other Sources */,
				29B97317FDCFA39411CA2CEA /* Resources */,
				29B97323FDCFA39411CA2CEA /* Frameworks */,
				19C28FACFE9D520D11CA2CBB /* Products */,
			);
			name = CustomTemplate;
			sourceTree = "<group>";
		};
		29B97315FDCFA39411CA2CEA /* Other Sources */ = {
			isa = PBXGroup;
			children = (
				32CA4F630368D1EE00C91783 /* MuniMap_Prefix.pch */,
				29B97316FDCFA39411CA2CEA /* main.m */,
			);
			name = "Other Sources";
			sourceTree = "<group>";
		};
		29B97317FDCFA39411CA2CEA /* Resources */ = {
			isa = PBXGroup;
			children = (
				2899E5210DE3E06400AC0155 /* MuniMapViewController.xib */,
				28AD733E0D9D9553002E5188 /* MainWindow.xib */,
				8D1107310486CEB800E47090 /* MuniMap-Info.plist */,
			);
			name = Resources;
			sourceTree = "<group>";
		};
		29B97323FDCFA39411CA2CEA /* Frameworks */ = {
			isa = PBXGroup;
			children = (
				1DF5F4DF0D08C38300B7A737 /* UIKit.framework */,
				1D30AB110D05D00D00671497 /* Foundation.framework */,
				288765A40DF7441C002DB57D /* CoreGraphics.framework */,
				174D702F12DD80DD00EEF211 /* MapKit.framework */,
				174D70A012DD83AA00EEF211 /* CoreLocation.framework */,
				174D729F12DEE45700EEF211 /* CoreData.framework */,
				170400C412E3A55D00531C9D /* iAd.framework */,
				1704027F12E40F7100531C9D /* QuartzCore.framework */,
			);
			name = Frameworks;
			sourceTree = "<group>";
		};
/* End PBXGroup section */

/* Begin PBXNativeTarget section */
		1D6058900D05DD3D006BFB54 /* MuniMap */ = {
			isa = PBXNativeTarget;
			buildConfigurationList = 1D6058960D05DD3E006BFB54 /* Build configuration list for PBXNativeTarget "MuniMap" */;
			buildPhases = (
				1D60588D0D05DD3D006BFB54 /* Resources */,
				1D60588E0D05DD3D006BFB54 /* Sources */,
				1D60588F0D05DD3D006BFB54 /* Frameworks */,
			);
			buildRules = (
			);
			dependencies = (
			);
			name = MuniMap;
			productName = MuniMap;
			productReference = 1D6058910D05DD3D006BFB54 /* MuniMap.app */;
			productType = "com.apple.product-type.application";
		};
/* End PBXNativeTarget section */

/* Begin PBXProject section */
		29B97313FDCFA39411CA2CEA /* Project object */ = {
			isa = PBXProject;
			buildConfigurationList = C01FCF4E08A954540054247B /* Build configuration list for PBXProject "MuniMap" */;
			compatibilityVersion = "Xcode 3.1";
			developmentRegion = English;
			hasScannedForEncodings = 1;
			knownRegions = (
				English,
				Japanese,
				French,
				German,
			);
			mainGroup = 29B97314FDCFA39411CA2CEA /* CustomTemplate */;
			projectDirPath = "";
			projectRoot = "";
			targets = (
				1D6058900D05DD3D006BFB54 /* MuniMap */,
			);
		};
/* End PBXProject section */

/* Begin PBXResourcesBuildPhase section */
		1D60588D0D05DD3D006BFB54 /* Resources */ = {
			isa = PBXResourcesBuildPhase;
			buildActionMask = 2147483647;
			files = (
				28AD733F0D9D9553002E5188 /* MainWindow.xib in Resources */,
				2899E5220DE3E06400AC0155 /* MuniMapViewController.xib in Resources */,
				176AA15A12E2F9EA00CC595C /* StopDetailViewController.xib in Resources */,
			);
			runOnlyForDeploymentPostprocessing = 0;
		};
/* End PBXResourcesBuildPhase section */

/* Begin PBXSourcesBuildPhase section */
		1D60588E0D05DD3D006BFB54 /* Sources */ = {
			isa = PBXSourcesBuildPhase;
			buildActionMask = 2147483647;
			files = (
				1D60589B0D05DD56006BFB54 /* main.m in Sources */,
				1D3623260D0F684500981E51 /* MuniMapAppDelegate.m in Sources */,
				28D7ACF80DDB3853001CB0EB /* MuniMapViewController.m in Sources */,
				174D709912DD82FE00EEF211 /* MyCLController.m in Sources */,
				174D713312DD890E00EEF211 /* MuniLocationGrabber.m in Sources */,
				174D728112DED8EC00EEF211 /* MuniStopsAndSchedules.xcdatamodel in Sources */,
				174D729B12DEE44100EEF211 /* Route.m in Sources */,
				174D729C12DEE44100EEF211 /* Stop.m in Sources */,
				174D73E912E19EF100EEF211 /* StopAnnotation.m in Sources */,
				176AA15912E2F9EA00CC595C /* StopDetailViewController.m in Sources */,
			);
			runOnlyForDeploymentPostprocessing = 0;
		};
/* End PBXSourcesBuildPhase section */

/* Begin XCBuildConfiguration section */
		1D6058940D05DD3E006BFB54 /* Debug */ = {
			isa = XCBuildConfiguration;
			buildSettings = {
				ALWAYS_SEARCH_USER_PATHS = NO;
				COPY_PHASE_STRIP = NO;
				GCC_DYNAMIC_NO_PIC = NO;
				GCC_OPTIMIZATION_LEVEL = 0;
				GCC_PRECOMPILE_PREFIX_HEADER = YES;
				GCC_PREFIX_HEADER = MuniMap_Prefix.pch;
				INFOPLIST_FILE = "MuniMap-Info.plist";
				PRODUCT_NAME = MuniMap;
			};
			name = Debug;
		};
		1D6058950D05DD3E006BFB54 /* Release */ = {
			isa = XCBuildConfiguration;
			buildSettings = {
				ALWAYS_SEARCH_USER_PATHS = NO;
				COPY_PHASE_STRIP = YES;
				GCC_PRECOMPILE_PREFIX_HEADER = YES;
				GCC_PREFIX_HEADER = MuniMap_Prefix.pch;
				INFOPLIST_FILE = "MuniMap-Info.plist";
				PRODUCT_NAME = MuniMap;
				VALIDATE_PRODUCT = YES;
			};
			name = Release;
		};
		C01FCF4F08A954540054247B /* Debug */ = {
			isa = XCBuildConfiguration;
			buildSettings = {
				ARCHS = "$(ARCHS_STANDARD_32_BIT)";
				"CODE_SIGN_IDENTITY[sdk=iphoneos*]" = "iPhone Developer";
				GCC_C_LANGUAGE_STANDARD = c99;
				GCC_WARN_ABOUT_RETURN_TYPE = YES;
				GCC_WARN_UNUSED_VARIABLE = YES;
				PREBINDING = NO;
				SDKROOT = iphoneos;
			};
			name = Debug;
		};
		C01FCF5008A954540054247B /* Release */ = {
			isa = XCBuildConfiguration;
			buildSettings = {
				ARCHS = "$(ARCHS_STANDARD_32_BIT)";
				"CODE_SIGN_IDENTITY[sdk=iphoneos*]" = "iPhone Developer";
				GCC_C_LANGUAGE_STANDARD = c99;
				GCC_WARN_ABOUT_RETURN_TYPE = YES;
				GCC_WARN_UNUSED_VARIABLE = YES;
				OTHER_CFLAGS = "-DNS_BLOCK_ASSERTIONS=1";
				PREBINDING = NO;
				SDKROOT = iphoneos;
			};
			name = Release;
		};
/* End XCBuildConfiguration section */

/* Begin XCConfigurationList section */
		1D6058960D05DD3E006BFB54 /* Build configuration list for PBXNativeTarget "MuniMap" */ = {
			isa = XCConfigurationList;
			buildConfigurations = (
				1D6058940D05DD3E006BFB54 /* Debug */,
				1D6058950D05DD3E006BFB54 /* Release */,
			);
			defaultConfigurationIsVisible = 0;
			defaultConfigurationName = Release;
		};
		C01FCF4E08A954540054247B /* Build configuration list for PBXProject "MuniMap" */ = {
			isa = XCConfigurationList;
			buildConfigurations = (
				C01FCF4F08A954540054247B /* Debug */,
				C01FCF5008A954540054247B /* Release */,
			);
			defaultConfigurationIsVisible = 0;
			defaultConfigurationName = Release;
		};
/* End XCConfigurationList section */
	};
	rootObject = 29B97313FDCFA39411CA2CEA /* Project object */;
}
